
Microsoft Visual Studio Solution File, Format Version 12.00
# Visual Studio 2013
VisualStudioVersion = 12.0.31101.0
MinimumVisualStudioVersion = 10.0.40219.1
Project("{FAE04EC0-301F-11D3-BF4B-00C04F79EFBC}") = "SqlBackup.CLI", "SqlBackup.CLI\SqlBackup.CLI.csproj", "{FC819AD1-306F-47D6-9F44-8AF8EB508C52}"
EndProject
Project("{FAE04EC0-301F-11D3-BF4B-00C04F79EFBC}") = "SqlBackup.Core", "SqlBackup.Core\SqlBackup.Core.csproj", "{C3917659-5A06-402A-86F2-7240447B15AC}"
EndProject
Project("{2150E333-8FDC-42A3-9474-1A3956D46DE8}") = ".nuget", ".nuget", "{976FCF8E-7424-4D0C-83FE-C49A99B86168}"
	ProjectSection(SolutionItems) = preProject
		.nuget\NuGet.Config = .nuget\NuGet.Config
		.nuget\NuGet.exe = .nuget\NuGet.exe
		.nuget\NuGet.targets = .nuget\NuGet.targets
	EndProjectSection
EndProject
Global
	GlobalSection(SolutionConfigurationPlatforms) = preSolution
		Debug|Any CPU = Debug|Any CPU
		Release|Any CPU = Release|Any CPU
	EndGlobalSection
	GlobalSection(ProjectConfigurationPlatforms) = postSolution
		{FC819AD1-306F-47D6-9F44-8AF8EB508C52}.Debug|Any CPU.ActiveCfg = Debug|Any CPU
		{FC819AD1-306F-47D6-9F44-8AF8EB508C52}.Debug|Any CPU.Build.0 = Debug|Any CPU
		{FC819AD1-306F-47D6-9F44-8AF8EB508C52}.Release|Any CPU.ActiveCfg = Release|Any CPU
		{FC819AD1-306F-47D6-9F44-8AF8EB508C52}.Release|Any CPU.Build.0 = Release|Any CPU
		{C3917659-5A06-402A-86F2-7240447B15AC}.Debug|Any CPU.ActiveCfg = Debug|Any CPU
		{C3917659-5A06-402A-86F2-7240447B15AC}.Debug|Any CPU.Build.0 = Debug|Any CPU
		{C3917659-5A06-402A-86F2-7240447B15AC}.Release|Any CPU.ActiveCfg = Release|Any CPU
		{C3917659-5A06-402A-86F2-7240447B15AC}.Release|Any CPU.Build.0 = Release|Any CPU
	EndGlobalSection
	GlobalSection(SolutionProperties) = preSolution
		HideSolutionNode = FALSE
	EndGlobalSection
EndGlobal
